
Microsoft Visual Studio Solution File, Format Version 12.00
# Visual Studio 15
VisualStudioVersion = 15.0.28010.2003
MinimumVisualStudioVersion = 10.0.40219.1
Project("{FAE04EC0-301F-11D3-BF4B-00C04F79EFBC}") = "HelloWorld", "HelloWorld\HelloWorld.csproj", "{63CF58D2-8862-44F3-AB34-CAF3A349E58F}"
EndProject
Global
	GlobalSection(SolutionConfigurationPlatforms) = preSolution
		Debug|Any CPU = Debug|Any CPU
		Release|Any CPU = Release|Any CPU
	EndGlobalSection
	GlobalSection(ProjectConfigurationPlatforms) = postSolution
		{63CF58D2-8862-44F3-AB34-CAF3A349E58F}.Debug|Any CPU.ActiveCfg = Debug|Any CPU
		{63CF58D2-8862-44F3-AB34-CAF3A349E58F}.Debug|Any CPU.Build.0 = Debug|Any CPU
		{63CF58D2-8862-44F3-AB34-CAF3A349E58F}.Release|Any CPU.ActiveCfg = Release|Any CPU
		{63CF58D2-8862-44F3-AB34-CAF3A349E58F}.Release|Any CPU.Build.0 = Release|Any CPU
	EndGlobalSection
	GlobalSection(SolutionProperties) = preSolution
		HideSolutionNode = FALSE
	EndGlobalSection
	GlobalSection(ExtensibilityGlobals) = postSolution
		SolutionGuid = {65058E6C-4F46-4E99-AB54-99E62EA05D69}
	EndGlobalSection
EndGlobal
